
Microsoft Visual Studio Solution File, Format Version 12.00
# Visual Studio Version 16
VisualStudioVersion = 16.0.29324.140
MinimumVisualStudioVersion = 10.0.40219.1
Project("{9A19103F-16F7-4668-BE54-9A1E7A4F7556}") = "ETMS.WebApi", "ETMS.WebApi\ETMS.WebApi.csproj", "{C8E6780A-3DB3-4335-B884-B924D53BF6F3}"
EndProject
Project("{9A19103F-16F7-4668-BE54-9A1E7A4F7556}") = "ETMS.Entity", "ETMS.Entity\ETMS.Entity.csproj", "{1E9BC331-63AE-4195-BF8F-DC426F93C023}"
EndProject
Project("{9A19103F-16F7-4668-BE54-9A1E7A4F7556}") = "ETMS.IOC", "ETMS.IOC\ETMS.IOC.csproj", "{1D45BFAA-3851-4AB4-B681-133A4FC2CD68}"
EndProject
Project("{9A19103F-16F7-4668-BE54-9A1E7A4F7556}") = "ETMS.LOG", "ETMS.Log\ETMS.LOG.csproj", "{3AD28B0A-0E0A-4159-A38D-7758E3451663}"
EndProject
Project("{9A19103F-16F7-4668-BE54-9A1E7A4F7556}") = "ETMS.Authority", "ETMS.Authority\ETMS.Authority.csproj", "{A4EF01E0-3E43-4C7D-AB04-B2E15FE05318}"
EndProject
Project("{2150E333-8FDC-42A3-9474-1A3956D46DE8}") = "Cache", "Cache", "{19D18167-197B-4A81-A476-CA623DB25FF6}"
EndProject
Project("{9A19103F-16F7-4668-BE54-9A1E7A4F7556}") = "ETMS.ICache", "ETMS.ICache\ETMS.ICache.csproj", "{CF4073FD-CC4B-4841-9A25-3FA2DCA4FF18}"
EndProject
Project("{9A19103F-16F7-4668-BE54-9A1E7A4F7556}") = "ETMS.Cache.Redis", "ETMS.Cache.Redis\ETMS.Cache.Redis.csproj", "{12FB1E0F-3811-418D-902D-920696098756}"
EndProject
Project("{2150E333-8FDC-42A3-9474-1A3956D46DE8}") = "Event", "Event", "{767BB675-674A-4C2A-BB52-85C2CB6CDE2B}"
EndProject
Project("{9A19103F-16F7-4668-BE54-9A1E7A4F7556}") = "ETMS.ServiceBus", "ETMS.ServiceBus\ETMS.ServiceBus.csproj", "{5F865565-C341-4D6A-9A92-D4BB91812465}"
EndProject
Project("{9A19103F-16F7-4668-BE54-9A1E7A4F7556}") = "ETMS.IEventProvider", "ETMS.IEventProvider\ETMS.IEventProvider.csproj", "{0DA8022B-CECF-44D0-B38E-4F33A54AAB1C}"
EndProject
Project("{9A19103F-16F7-4668-BE54-9A1E7A4F7556}") = "ETMS.Event.DataContract", "ETMS.Event.DataContract\ETMS.Event.DataContract.csproj", "{3E37F987-A8F0-4470-9AB5-24DFF0FEBCB3}"
EndProject
Project("{9A19103F-16F7-4668-BE54-9A1E7A4F7556}") = "ETMS.EventConsumer", "ETMS.EventConsumer\ETMS.EventConsumer.csproj", "{E06AC758-8BBD-4ADF-BF7A-424DBB2CEED8}"
EndProject
Project("{9A19103F-16F7-4668-BE54-9A1E7A4F7556}") = "ETMS.DaemonService", "ETMS.DaemonService\ETMS.DaemonService.csproj", "{B47262C3-45F8-483C-908F-B924AF10B222}"
EndProject
Project("{9A19103F-16F7-4668-BE54-9A1E7A4F7556}") = "ETMS.Utility", "ETMS.Utility\ETMS.Utility.csproj", "{F56022BD-33B6-4BEA-80DF-F967E1E59AE2}"
EndProject
Project("{9A19103F-16F7-4668-BE54-9A1E7A4F7556}") = "ETMS.DataAccess", "ETMS.DataAccess\ETMS.DataAccess.csproj", "{3F793728-3254-49E9-A14D-2E881D123BAD}"
EndProject
Project("{9A19103F-16F7-4668-BE54-9A1E7A4F7556}") = "ETMS.IDataAccess", "ETMS.IDataAccess\ETMS.IDataAccess.csproj", "{382CDC88-1419-4800-B114-3C77896697E1}"
EndProject
Project("{9A19103F-16F7-4668-BE54-9A1E7A4F7556}") = "ETMS.IBusiness", "ETMS.IBusiness\ETMS.IBusiness.csproj", "{5E703598-4171-4301-9592-A561216E3986}"
EndProject
Project("{9A19103F-16F7-4668-BE54-9A1E7A4F7556}") = "ETMS.Business", "ETMS.Business\ETMS.Business.csproj", "{95A57692-ECE2-4CEC-8314-C11D78BD3C33}"
EndProject
Project("{9A19103F-16F7-4668-BE54-9A1E7A4F7556}") = "ETMS.ExternalService", "ETMS.ExternalService\ETMS.ExternalService.csproj", "{626EC103-4DEF-4546-954B-1D99D0A0F326}"
EndProject
Project("{9A19103F-16F7-4668-BE54-9A1E7A4F7556}") = "ETMS.Manage.Web", "ETMS.Manage.Web\ETMS.Manage.Web.csproj", "{77C81BAC-B756-44BE-8FCE-2BF3ED7EB071}"
EndProject
Project("{2150E333-8FDC-42A3-9474-1A3956D46DE8}") = "Manage", "Manage", "{5CE47363-0327-4C6A-97AB-EA43C4220DD1}"
EndProject
Project("{9A19103F-16F7-4668-BE54-9A1E7A4F7556}") = "ETMS.Manage.Jobs", "ETMS.Manage.Jobs\ETMS.Manage.Jobs.csproj", "{E7EE25AA-B984-41CB-A85B-2D3B3D0FB650}"
EndProject
Project("{9A19103F-16F7-4668-BE54-9A1E7A4F7556}") = "ETMS.Manage.Entity", "ETMS.Manage.Entity\ETMS.Manage.Entity.csproj", "{BB8AC5C8-3DD6-4B9D-B58D-68B64EB11985}"
EndProject
Project("{2150E333-8FDC-42A3-9474-1A3956D46DE8}") = "Tools", "Tools", "{7C4F1BAB-6438-45DB-B0C1-C36DFF3CDCD0}"
EndProject
Project("{9A19103F-16F7-4668-BE54-9A1E7A4F7556}") = "Etms.Tools.Test", "Etms.Tools.Test\Etms.Tools.Test.csproj", "{CCFA9C71-3AA6-4595-8471-4862FB013503}"
EndProject
Project("{2150E333-8FDC-42A3-9474-1A3956D46DE8}") = "External", "External", "{9E2E975C-B883-4407-A544-CB639D535903}"
EndProject
Project("{9A19103F-16F7-4668-BE54-9A1E7A4F7556}") = "ETMS.WxApi", "ETMS.WxApi\ETMS.WxApi.csproj", "{35B70563-7FCE-4D88-BF6A-C12FFC6DD58D}"
EndProject
Project("{2150E333-8FDC-42A3-9474-1A3956D46DE8}") = "ManageAgent", "ManageAgent", "{BC74D8EC-8920-40AE-B366-1B828125A7F7}"
EndProject
Project("{9A19103F-16F7-4668-BE54-9A1E7A4F7556}") = "Etms.Agent.WebApi", "Etms.Agent.WebApi\Etms.Agent.WebApi.csproj", "{D91586A1-BC6F-4290-A682-44C2F4AB19EA}"
EndProject
Project("{9A19103F-16F7-4668-BE54-9A1E7A4F7556}") = "aliyun-oss-sdk-dotnetcore", "ETMS.OSS\sdk\aliyun-oss-sdk-dotnetcore.csproj", "{9BF0FD9A-34EB-45BC-A79B-868374F6FA99}"
EndProject
Project("{9A19103F-16F7-4668-BE54-9A1E7A4F7556}") = "ETMS.AiFace", "ETMS.AiFace\ETMS.AiFace.csproj", "{AC796397-1C71-41E9-8FF1-F7BC15DF0ED2}"
EndProject
Project("{9A19103F-16F7-4668-BE54-9A1E7A4F7556}") = "ETMS.IAiFace", "ETMS.IAiFace\ETMS.IAiFace.csproj", "{1C7F63A1-8688-4624-A1FD-80A3E57509DC}"
EndProject
Project("{9A19103F-16F7-4668-BE54-9A1E7A4F7556}") = "ETMS.Emgu", "ETMS.Emgu\ETMS.Emgu.csproj", "{475912F0-3AF2-4B4F-AAD8-1653CEA33015}"
EndProject
Project("{9A19103F-16F7-4668-BE54-9A1E7A4F7556}") = "ETMS.Pay.Lcsw", "ETMS.Pay.Lcsw\ETMS.Pay.Lcsw.csproj", "{38E18D94-3946-434B-918A-32A7E0F9594A}"
EndProject
Project("{9A19103F-16F7-4668-BE54-9A1E7A4F7556}") = "FubeiOpenApi.CoreSdk", "FubeiOpenApi.CoreSdk\FubeiOpenApi.CoreSdk.csproj", "{2428B810-7EAD-4A37-B909-1B1FD66A3D1D}"
EndProject
Global
	GlobalSection(SolutionConfigurationPlatforms) = preSolution
		Debug|Any CPU = Debug|Any CPU
		Release|Any CPU = Release|Any CPU
	EndGlobalSection
	GlobalSection(ProjectConfigurationPlatforms) = postSolution
		{C8E6780A-3DB3-4335-B884-B924D53BF6F3}.Debug|Any CPU.ActiveCfg = Debug|Any CPU
		{C8E6780A-3DB3-4335-B884-B924D53BF6F3}.Debug|Any CPU.Build.0 = Debug|Any CPU
		{C8E6780A-3DB3-4335-B884-B924D53BF6F3}.Release|Any CPU.ActiveCfg = Release|Any CPU
		{C8E6780A-3DB3-4335-B884-B924D53BF6F3}.Release|Any CPU.Build.0 = Release|Any CPU
		{1E9BC331-63AE-4195-BF8F-DC426F93C023}.Debug|Any CPU.ActiveCfg = Debug|Any CPU
		{1E9BC331-63AE-4195-BF8F-DC426F93C023}.Debug|Any CPU.Build.0 = Debug|Any CPU
		{1E9BC331-63AE-4195-BF8F-DC426F93C023}.Release|Any CPU.ActiveCfg = Release|Any CPU
		{1E9BC331-63AE-4195-BF8F-DC426F93C023}.Release|Any CPU.Build.0 = Release|Any CPU
		{1D45BFAA-3851-4AB4-B681-133A4FC2CD68}.Debug|Any CPU.ActiveCfg = Debug|Any CPU
		{1D45BFAA-3851-4AB4-B681-133A4FC2CD68}.Debug|Any CPU.Build.0 = Debug|Any CPU
		{1D45BFAA-3851-4AB4-B681-133A4FC2CD68}.Release|Any CPU.ActiveCfg = Release|Any CPU
		{1D45BFAA-3851-4AB4-B681-133A4FC2CD68}.Release|Any CPU.Build.0 = Release|Any CPU
		{3AD28B0A-0E0A-4159-A38D-7758E3451663}.Debug|Any CPU.ActiveCfg = Debug|Any CPU
		{3AD28B0A-0E0A-4159-A38D-7758E3451663}.Debug|Any CPU.Build.0 = Debug|Any CPU
		{3AD28B0A-0E0A-4159-A38D-7758E3451663}.Release|Any CPU.ActiveCfg = Release|Any CPU
		{3AD28B0A-0E0A-4159-A38D-7758E3451663}.Release|Any CPU.Build.0 = Release|Any CPU
		{A4EF01E0-3E43-4C7D-AB04-B2E15FE05318}.Debug|Any CPU.ActiveCfg = Debug|Any CPU
		{A4EF01E0-3E43-4C7D-AB04-B2E15FE05318}.Debug|Any CPU.Build.0 = Debug|Any CPU
		{A4EF01E0-3E43-4C7D-AB04-B2E15FE05318}.Release|Any CPU.ActiveCfg = Release|Any CPU
		{A4EF01E0-3E43-4C7D-AB04-B2E15FE05318}.Release|Any CPU.Build.0 = Release|Any CPU
		{CF4073FD-CC4B-4841-9A25-3FA2DCA4FF18}.Debug|Any CPU.ActiveCfg = Debug|Any CPU
		{CF4073FD-CC4B-4841-9A25-3FA2DCA4FF18}.Debug|Any CPU.Build.0 = Debug|Any CPU
		{CF4073FD-CC4B-4841-9A25-3FA2DCA4FF18}.Release|Any CPU.ActiveCfg = Release|Any CPU
		{CF4073FD-CC4B-4841-9A25-3FA2DCA4FF18}.Release|Any CPU.Build.0 = Release|Any CPU
		{12FB1E0F-3811-418D-902D-920696098756}.Debug|Any CPU.ActiveCfg = Debug|Any CPU
		{12FB1E0F-3811-418D-902D-920696098756}.Debug|Any CPU.Build.0 = Debug|Any CPU
		{12FB1E0F-3811-418D-902D-920696098756}.Release|Any CPU.ActiveCfg = Release|Any CPU
		{12FB1E0F-3811-418D-902D-920696098756}.Release|Any CPU.Build.0 = Release|Any CPU
		{5F865565-C341-4D6A-9A92-D4BB91812465}.Debug|Any CPU.ActiveCfg = Debug|Any CPU
		{5F865565-C341-4D6A-9A92-D4BB91812465}.Debug|Any CPU.Build.0 = Debug|Any CPU
		{5F865565-C341-4D6A-9A92-D4BB91812465}.Release|Any CPU.ActiveCfg = Release|Any CPU
		{5F865565-C341-4D6A-9A92-D4BB91812465}.Release|Any CPU.Build.0 = Release|Any CPU
		{0DA8022B-CECF-44D0-B38E-4F33A54AAB1C}.Debug|Any CPU.ActiveCfg = Debug|Any CPU
		{0DA8022B-CECF-44D0-B38E-4F33A54AAB1C}.Debug|Any CPU.Build.0 = Debug|Any CPU
		{0DA8022B-CECF-44D0-B38E-4F33A54AAB1C}.Release|Any CPU.ActiveCfg = Release|Any CPU
		{0DA8022B-CECF-44D0-B38E-4F33A54AAB1C}.Release|Any CPU.Build.0 = Release|Any CPU
		{3E37F987-A8F0-4470-9AB5-24DFF0FEBCB3}.Debug|Any CPU.ActiveCfg = Debug|Any CPU
		{3E37F987-A8F0-4470-9AB5-24DFF0FEBCB3}.Debug|Any CPU.Build.0 = Debug|Any CPU
		{3E37F987-A8F0-4470-9AB5-24DFF0FEBCB3}.Release|Any CPU.ActiveCfg = Release|Any CPU
		{3E37F987-A8F0-4470-9AB5-24DFF0FEBCB3}.Release|Any CPU.Build.0 = Release|Any CPU
		{E06AC758-8BBD-4ADF-BF7A-424DBB2CEED8}.Debug|Any CPU.ActiveCfg = Debug|Any CPU
		{E06AC758-8BBD-4ADF-BF7A-424DBB2CEED8}.Debug|Any CPU.Build.0 = Debug|Any CPU
		{E06AC758-8BBD-4ADF-BF7A-424DBB2CEED8}.Release|Any CPU.ActiveCfg = Release|Any CPU
		{E06AC758-8BBD-4ADF-BF7A-424DBB2CEED8}.Release|Any CPU.Build.0 = Release|Any CPU
		{B47262C3-45F8-483C-908F-B924AF10B222}.Debug|Any CPU.ActiveCfg = Debug|Any CPU
		{B47262C3-45F8-483C-908F-B924AF10B222}.Debug|Any CPU.Build.0 = Debug|Any CPU
		{B47262C3-45F8-483C-908F-B924AF10B222}.Release|Any CPU.ActiveCfg = Release|Any CPU
		{B47262C3-45F8-483C-908F-B924AF10B222}.Release|Any CPU.Build.0 = Release|Any CPU
		{F56022BD-33B6-4BEA-80DF-F967E1E59AE2}.Debug|Any CPU.ActiveCfg = Debug|Any CPU
		{F56022BD-33B6-4BEA-80DF-F967E1E59AE2}.Debug|Any CPU.Build.0 = Debug|Any CPU
		{F56022BD-33B6-4BEA-80DF-F967E1E59AE2}.Release|Any CPU.ActiveCfg = Release|Any CPU
		{F56022BD-33B6-4BEA-80DF-F967E1E59AE2}.Release|Any CPU.Build.0 = Release|Any CPU
		{3F793728-3254-49E9-A14D-2E881D123BAD}.Debug|Any CPU.ActiveCfg = Debug|Any CPU
		{3F793728-3254-49E9-A14D-2E881D123BAD}.Debug|Any CPU.Build.0 = Debug|Any CPU
		{3F793728-3254-49E9-A14D-2E881D123BAD}.Release|Any CPU.ActiveCfg = Release|Any CPU
		{3F793728-3254-49E9-A14D-2E881D123BAD}.Release|Any CPU.Build.0 = Release|Any CPU
		{382CDC88-1419-4800-B114-3C77896697E1}.Debug|Any CPU.ActiveCfg = Debug|Any CPU
		{382CDC88-1419-4800-B114-3C77896697E1}.Debug|Any CPU.Build.0 = Debug|Any CPU
		{382CDC88-1419-4800-B114-3C77896697E1}.Release|Any CPU.ActiveCfg = Release|Any CPU
		{382CDC88-1419-4800-B114-3C77896697E1}.Release|Any CPU.Build.0 = Release|Any CPU
		{5E703598-4171-4301-9592-A561216E3986}.Debug|Any CPU.ActiveCfg = Debug|Any CPU
		{5E703598-4171-4301-9592-A561216E3986}.Debug|Any CPU.Build.0 = Debug|Any CPU
		{5E703598-4171-4301-9592-A561216E3986}.Release|Any CPU.ActiveCfg = Release|Any CPU
		{5E703598-4171-4301-9592-A561216E3986}.Release|Any CPU.Build.0 = Release|Any CPU
		{95A57692-ECE2-4CEC-8314-C11D78BD3C33}.Debug|Any CPU.ActiveCfg = Debug|Any CPU
		{95A57692-ECE2-4CEC-8314-C11D78BD3C33}.Debug|Any CPU.Build.0 = Debug|Any CPU
		{95A57692-ECE2-4CEC-8314-C11D78BD3C33}.Release|Any CPU.ActiveCfg = Release|Any CPU
		{95A57692-ECE2-4CEC-8314-C11D78BD3C33}.Release|Any CPU.Build.0 = Release|Any CPU
		{626EC103-4DEF-4546-954B-1D99D0A0F326}.Debug|Any CPU.ActiveCfg = Debug|Any CPU
		{626EC103-4DEF-4546-954B-1D99D0A0F326}.Debug|Any CPU.Build.0 = Debug|Any CPU
		{626EC103-4DEF-4546-954B-1D99D0A0F326}.Release|Any CPU.ActiveCfg = Release|Any CPU
		{626EC103-4DEF-4546-954B-1D99D0A0F326}.Release|Any CPU.Build.0 = Release|Any CPU
		{77C81BAC-B756-44BE-8FCE-2BF3ED7EB071}.Debug|Any CPU.ActiveCfg = Debug|Any CPU
		{77C81BAC-B756-44BE-8FCE-2BF3ED7EB071}.Debug|Any CPU.Build.0 = Debug|Any CPU
		{77C81BAC-B756-44BE-8FCE-2BF3ED7EB071}.Release|Any CPU.ActiveCfg = Release|Any CPU
		{77C81BAC-B756-44BE-8FCE-2BF3ED7EB071}.Release|Any CPU.Build.0 = Release|Any CPU
		{E7EE25AA-B984-41CB-A85B-2D3B3D0FB650}.Debug|Any CPU.ActiveCfg = Debug|Any CPU
		{E7EE25AA-B984-41CB-A85B-2D3B3D0FB650}.Debug|Any CPU.Build.0 = Debug|Any CPU
		{E7EE25AA-B984-41CB-A85B-2D3B3D0FB650}.Release|Any CPU.ActiveCfg = Release|Any CPU
		{E7EE25AA-B984-41CB-A85B-2D3B3D0FB650}.Release|Any CPU.Build.0 = Release|Any CPU
		{BB8AC5C8-3DD6-4B9D-B58D-68B64EB11985}.Debug|Any CPU.ActiveCfg = Debug|Any CPU
		{BB8AC5C8-3DD6-4B9D-B58D-68B64EB11985}.Debug|Any CPU.Build.0 = Debug|Any CPU
		{BB8AC5C8-3DD6-4B9D-B58D-68B64EB11985}.Release|Any CPU.ActiveCfg = Release|Any CPU
		{BB8AC5C8-3DD6-4B9D-B58D-68B64EB11985}.Release|Any CPU.Build.0 = Release|Any CPU
		{CCFA9C71-3AA6-4595-8471-4862FB013503}.Debug|Any CPU.ActiveCfg = Debug|Any CPU
		{CCFA9C71-3AA6-4595-8471-4862FB013503}.Debug|Any CPU.Build.0 = Debug|Any CPU
		{CCFA9C71-3AA6-4595-8471-4862FB013503}.Release|Any CPU.ActiveCfg = Release|Any CPU
		{CCFA9C71-3AA6-4595-8471-4862FB013503}.Release|Any CPU.Build.0 = Release|Any CPU
		{35B70563-7FCE-4D88-BF6A-C12FFC6DD58D}.Debug|Any CPU.ActiveCfg = Debug|Any CPU
		{35B70563-7FCE-4D88-BF6A-C12FFC6DD58D}.Debug|Any CPU.Build.0 = Debug|Any CPU
		{35B70563-7FCE-4D88-BF6A-C12FFC6DD58D}.Release|Any CPU.ActiveCfg = Release|Any CPU
		{35B70563-7FCE-4D88-BF6A-C12FFC6DD58D}.Release|Any CPU.Build.0 = Release|Any CPU
		{D91586A1-BC6F-4290-A682-44C2F4AB19EA}.Debug|Any CPU.ActiveCfg = Debug|Any CPU
		{D91586A1-BC6F-4290-A682-44C2F4AB19EA}.Debug|Any CPU.Build.0 = Debug|Any CPU
		{D91586A1-BC6F-4290-A682-44C2F4AB19EA}.Release|Any CPU.ActiveCfg = Release|Any CPU
		{D91586A1-BC6F-4290-A682-44C2F4AB19EA}.Release|Any CPU.Build.0 = Release|Any CPU
		{9BF0FD9A-34EB-45BC-A79B-868374F6FA99}.Debug|Any CPU.ActiveCfg = Debug|Any CPU
		{9BF0FD9A-34EB-45BC-A79B-868374F6FA99}.Debug|Any CPU.Build.0 = Debug|Any CPU
		{9BF0FD9A-34EB-45BC-A79B-868374F6FA99}.Release|Any CPU.ActiveCfg = Release|Any CPU
		{9BF0FD9A-34EB-45BC-A79B-868374F6FA99}.Release|Any CPU.Build.0 = Release|Any CPU
		{AC796397-1C71-41E9-8FF1-F7BC15DF0ED2}.Debug|Any CPU.ActiveCfg = Debug|Any CPU
		{AC796397-1C71-41E9-8FF1-F7BC15DF0ED2}.Debug|Any CPU.Build.0 = Debug|Any CPU
		{AC796397-1C71-41E9-8FF1-F7BC15DF0ED2}.Release|Any CPU.ActiveCfg = Release|Any CPU
		{AC796397-1C71-41E9-8FF1-F7BC15DF0ED2}.Release|Any CPU.Build.0 = Release|Any CPU
		{1C7F63A1-8688-4624-A1FD-80A3E57509DC}.Debug|Any CPU.ActiveCfg = Debug|Any CPU
		{1C7F63A1-8688-4624-A1FD-80A3E57509DC}.Debug|Any CPU.Build.0 = Debug|Any CPU
		{1C7F63A1-8688-4624-A1FD-80A3E57509DC}.Release|Any CPU.ActiveCfg = Release|Any CPU
		{1C7F63A1-8688-4624-A1FD-80A3E57509DC}.Release|Any CPU.Build.0 = Release|Any CPU
		{475912F0-3AF2-4B4F-AAD8-1653CEA33015}.Debug|Any CPU.ActiveCfg = Debug|Any CPU
		{475912F0-3AF2-4B4F-AAD8-1653CEA33015}.Debug|Any CPU.Build.0 = Debug|Any CPU
		{475912F0-3AF2-4B4F-AAD8-1653CEA33015}.Release|Any CPU.ActiveCfg = Release|Any CPU
		{475912F0-3AF2-4B4F-AAD8-1653CEA33015}.Release|Any CPU.Build.0 = Release|Any CPU
		{38E18D94-3946-434B-918A-32A7E0F9594A}.Debug|Any CPU.ActiveCfg = Debug|Any CPU
		{38E18D94-3946-434B-918A-32A7E0F9594A}.Debug|Any CPU.Build.0 = Debug|Any CPU
		{38E18D94-3946-434B-918A-32A7E0F9594A}.Release|Any CPU.ActiveCfg = Release|Any CPU
		{38E18D94-3946-434B-918A-32A7E0F9594A}.Release|Any CPU.Build.0 = Release|Any CPU
		{2428B810-7EAD-4A37-B909-1B1FD66A3D1D}.Debug|Any CPU.ActiveCfg = Debug|Any CPU
		{2428B810-7EAD-4A37-B909-1B1FD66A3D1D}.Debug|Any CPU.Build.0 = Debug|Any CPU
		{2428B810-7EAD-4A37-B909-1B1FD66A3D1D}.Release|Any CPU.ActiveCfg = Release|Any CPU
		{2428B810-7EAD-4A37-B909-1B1FD66A3D1D}.Release|Any CPU.Build.0 = Release|Any CPU
	EndGlobalSection
	GlobalSection(SolutionProperties) = preSolution
		HideSolutionNode = FALSE
	EndGlobalSection
	GlobalSection(NestedProjects) = preSolution
		{CF4073FD-CC4B-4841-9A25-3FA2DCA4FF18} = {19D18167-197B-4A81-A476-CA623DB25FF6}
		{12FB1E0F-3811-418D-902D-920696098756} = {19D18167-197B-4A81-A476-CA623DB25FF6}
		{5F865565-C341-4D6A-9A92-D4BB91812465} = {767BB675-674A-4C2A-BB52-85C2CB6CDE2B}
		{0DA8022B-CECF-44D0-B38E-4F33A54AAB1C} = {767BB675-674A-4C2A-BB52-85C2CB6CDE2B}
		{3E37F987-A8F0-4470-9AB5-24DFF0FEBCB3} = {767BB675-674A-4C2A-BB52-85C2CB6CDE2B}
		{E06AC758-8BBD-4ADF-BF7A-424DBB2CEED8} = {767BB675-674A-4C2A-BB52-85C2CB6CDE2B}
		{77C81BAC-B756-44BE-8FCE-2BF3ED7EB071} = {5CE47363-0327-4C6A-97AB-EA43C4220DD1}
		{E7EE25AA-B984-41CB-A85B-2D3B3D0FB650} = {5CE47363-0327-4C6A-97AB-EA43C4220DD1}
		{BB8AC5C8-3DD6-4B9D-B58D-68B64EB11985} = {5CE47363-0327-4C6A-97AB-EA43C4220DD1}
		{CCFA9C71-3AA6-4595-8471-4862FB013503} = {7C4F1BAB-6438-45DB-B0C1-C36DFF3CDCD0}
		{35B70563-7FCE-4D88-BF6A-C12FFC6DD58D} = {9E2E975C-B883-4407-A544-CB639D535903}
		{D91586A1-BC6F-4290-A682-44C2F4AB19EA} = {BC74D8EC-8920-40AE-B366-1B828125A7F7}
		{9BF0FD9A-34EB-45BC-A79B-868374F6FA99} = {9E2E975C-B883-4407-A544-CB639D535903}
		{AC796397-1C71-41E9-8FF1-F7BC15DF0ED2} = {9E2E975C-B883-4407-A544-CB639D535903}
		{1C7F63A1-8688-4624-A1FD-80A3E57509DC} = {9E2E975C-B883-4407-A544-CB639D535903}
		{475912F0-3AF2-4B4F-AAD8-1653CEA33015} = {9E2E975C-B883-4407-A544-CB639D535903}
		{38E18D94-3946-434B-918A-32A7E0F9594A} = {9E2E975C-B883-4407-A544-CB639D535903}
		{2428B810-7EAD-4A37-B909-1B1FD66A3D1D} = {9E2E975C-B883-4407-A544-CB639D535903}
	EndGlobalSection
	GlobalSection(ExtensibilityGlobals) = postSolution
		SolutionGuid = {063C1971-F3D6-4A78-9886-EB9BC6D96CAC}
	EndGlobalSection
EndGlobal
